// !$*UTF8*$!
{
	archiveVersion = 1;
	classes = {
	};
	objectVersion = 56;
	objects = {

/* Begin PBXBuildFile section */
		CFDA0EAA2C57C87F00977B72 /* ExchangeRatesApp.swift in Sources */ = {isa = PBXBuildFile; fileRef = CFDA0EA92C57C87F00977B72 /* ExchangeRatesApp.swift */; };
		CFDA0EAC2C57C87F00977B72 /* ContentView.swift in Sources */ = {isa = PBXBuildFile; fileRef = CFDA0EAB2C57C87F00977B72 /* ContentView.swift */; };
		CFDA0EAE2C57C88000977B72 /* Assets.xcassets in Resources */ = {isa = PBXBuildFile; fileRef = CFDA0EAD2C57C88000977B72 /* Assets.xcassets */; };
		CFDA0EB12C57C88000977B72 /* Preview Assets.xcassets in Resources */ = {isa = PBXBuildFile; fileRef = CFDA0EB02C57C88000977B72 /* Preview Assets.xcassets */; };
		CFDA0EBB2C57C97D00977B72 /* RateApi.swift in Sources */ = {isa = PBXBuildFile; fileRef = CFDA0EBA2C57C97D00977B72 /* RateApi.swift */; };
		CFDA0EBD2C57CAED00977B72 /* RatesRouter.swift in Sources */ = {isa = PBXBuildFile; fileRef = CFDA0EBC2C57CAED00977B72 /* RatesRouter.swift */; };
		CFDA0EC02C57CB0500977B72 /* CurrencyRouter.swift in Sources */ = {isa = PBXBuildFile; fileRef = CFDA0EBF2C57CB0500977B72 /* CurrencyRouter.swift */; };
		CFDA0EC32C59093B00977B72 /* BaseStore.swift in Sources */ = {isa = PBXBuildFile; fileRef = CFDA0EC22C59093B00977B72 /* BaseStore.swift */; };
		CFDA0EC62C590A8500977B72 /* RateFluctuationObject.swift in Sources */ = {isa = PBXBuildFile; fileRef = CFDA0EC52C590A8500977B72 /* RateFluctuationObject.swift */; };
		CFDA0EC82C590C9100977B72 /* CurrentSymbolsObject.swift in Sources */ = {isa = PBXBuildFile; fileRef = CFDA0EC72C590C9100977B72 /* CurrentSymbolsObject.swift */; };
		CFDA0ECA2C590D1C00977B72 /* RatesHistoricalObject.swift in Sources */ = {isa = PBXBuildFile; fileRef = CFDA0EC92C590D1C00977B72 /* RatesHistoricalObject.swift */; };
		CFDA0ECC2C59131500977B72 /* RateStore.swift in Sources */ = {isa = PBXBuildFile; fileRef = CFDA0ECB2C59131500977B72 /* RateStore.swift */; };
		CFDA0ECE2C5915FB00977B72 /* CurrencyStore.swift in Sources */ = {isa = PBXBuildFile; fileRef = CFDA0ECD2C5915FB00977B72 /* CurrencyStore.swift */; };
		CFDA0ED12C59172B00977B72 /* DataProviderManager.swift in Sources */ = {isa = PBXBuildFile; fileRef = CFDA0ED02C59172B00977B72 /* DataProviderManager.swift */; };
		CFDA0ED42C59183000977B72 /* RatesFluctuactionDataProvider.swift in Sources */ = {isa = PBXBuildFile; fileRef = CFDA0ED32C59183000977B72 /* RatesFluctuactionDataProvider.swift */; };
		CFDA0ED62C59195F00977B72 /* RatesHistoricalDataProvider.swift in Sources */ = {isa = PBXBuildFile; fileRef = CFDA0ED52C59195F00977B72 /* RatesHistoricalDataProvider.swift */; };
		CFDA0ED92C591A2A00977B72 /* CurrencySymbolsDataProvider.swift in Sources */ = {isa = PBXBuildFile; fileRef = CFDA0ED82C591A2A00977B72 /* CurrencySymbolsDataProvider.swift */; };
/* End PBXBuildFile section */

/* Begin PBXFileReference section */
		CFDA0EA62C57C87F00977B72 /* ExchangeRates.app */ = {isa = PBXFileReference; explicitFileType = wrapper.application; includeInIndex = 0; path = ExchangeRates.app; sourceTree = BUILT_PRODUCTS_DIR; };
		CFDA0EA92C57C87F00977B72 /* ExchangeRatesApp.swift */ = {isa = PBXFileReference; lastKnownFileType = sourcecode.swift; path = ExchangeRatesApp.swift; sourceTree = "<group>"; };
		CFDA0EAB2C57C87F00977B72 /* ContentView.swift */ = {isa = PBXFileReference; lastKnownFileType = sourcecode.swift; path = ContentView.swift; sourceTree = "<group>"; };
		CFDA0EAD2C57C88000977B72 /* Assets.xcassets */ = {isa = PBXFileReference; lastKnownFileType = folder.assetcatalog; path = Assets.xcassets; sourceTree = "<group>"; };
		CFDA0EB02C57C88000977B72 /* Preview Assets.xcassets */ = {isa = PBXFileReference; lastKnownFileType = folder.assetcatalog; path = "Preview Assets.xcassets"; sourceTree = "<group>"; };
		CFDA0EBA2C57C97D00977B72 /* RateApi.swift */ = {isa = PBXFileReference; lastKnownFileType = sourcecode.swift; path = RateApi.swift; sourceTree = "<group>"; };
		CFDA0EBC2C57CAED00977B72 /* RatesRouter.swift */ = {isa = PBXFileReference; lastKnownFileType = sourcecode.swift; path = RatesRouter.swift; sourceTree = "<group>"; };
		CFDA0EBF2C57CB0500977B72 /* CurrencyRouter.swift */ = {isa = PBXFileReference; lastKnownFileType = sourcecode.swift; path = CurrencyRouter.swift; sourceTree = "<group>"; };
		CFDA0EC22C59093B00977B72 /* BaseStore.swift */ = {isa = PBXFileReference; lastKnownFileType = sourcecode.swift; path = BaseStore.swift; sourceTree = "<group>"; };
		CFDA0EC52C590A8500977B72 /* RateFluctuationObject.swift */ = {isa = PBXFileReference; lastKnownFileType = sourcecode.swift; path = RateFluctuationObject.swift; sourceTree = "<group>"; };
		CFDA0EC72C590C9100977B72 /* CurrentSymbolsObject.swift */ = {isa = PBXFileReference; lastKnownFileType = sourcecode.swift; path = CurrentSymbolsObject.swift; sourceTree = "<group>"; };
		CFDA0EC92C590D1C00977B72 /* RatesHistoricalObject.swift */ = {isa = PBXFileReference; lastKnownFileType = sourcecode.swift; path = RatesHistoricalObject.swift; sourceTree = "<group>"; };
		CFDA0ECB2C59131500977B72 /* RateStore.swift */ = {isa = PBXFileReference; lastKnownFileType = sourcecode.swift; path = RateStore.swift; sourceTree = "<group>"; };
		CFDA0ECD2C5915FB00977B72 /* CurrencyStore.swift */ = {isa = PBXFileReference; lastKnownFileType = sourcecode.swift; path = CurrencyStore.swift; sourceTree = "<group>"; };
		CFDA0ED02C59172B00977B72 /* DataProviderManager.swift */ = {isa = PBXFileReference; lastKnownFileType = sourcecode.swift; path = DataProviderManager.swift; sourceTree = "<group>"; };
		CFDA0ED32C59183000977B72 /* RatesFluctuactionDataProvider.swift */ = {isa = PBXFileReference; lastKnownFileType = sourcecode.swift; path = RatesFluctuactionDataProvider.swift; sourceTree = "<group>"; };
		CFDA0ED52C59195F00977B72 /* RatesHistoricalDataProvider.swift */ = {isa = PBXFileReference; lastKnownFileType = sourcecode.swift; path = RatesHistoricalDataProvider.swift; sourceTree = "<group>"; };
		CFDA0ED82C591A2A00977B72 /* CurrencySymbolsDataProvider.swift */ = {isa = PBXFileReference; lastKnownFileType = sourcecode.swift; path = CurrencySymbolsDataProvider.swift; sourceTree = "<group>"; };
/* End PBXFileReference section */

/* Begin PBXFrameworksBuildPhase section */
		CFDA0EA32C57C87F00977B72 /* Frameworks */ = {
			isa = PBXFrameworksBuildPhase;
			buildActionMask = 2147483647;
			files = (
			);
			runOnlyForDeploymentPostprocessing = 0;
		};
/* End PBXFrameworksBuildPhase section */

/* Begin PBXGroup section */
		CFDA0E9D2C57C87F00977B72 = {
			isa = PBXGroup;
			children = (
				CFDA0EA82C57C87F00977B72 /* ExchangeRates */,
				CFDA0EA72C57C87F00977B72 /* Products */,
			);
			sourceTree = "<group>";
		};
		CFDA0EA72C57C87F00977B72 /* Products */ = {
			isa = PBXGroup;
			children = (
				CFDA0EA62C57C87F00977B72 /* ExchangeRates.app */,
			);
			name = Products;
			sourceTree = "<group>";
		};
		CFDA0EA82C57C87F00977B72 /* ExchangeRates */ = {
			isa = PBXGroup;
			children = (
				CFDA0EB72C57C94D00977B72 /* DataProviders */,
				CFDA0EA92C57C87F00977B72 /* ExchangeRatesApp.swift */,
				CFDA0EAB2C57C87F00977B72 /* ContentView.swift */,
				CFDA0EAD2C57C88000977B72 /* Assets.xcassets */,
				CFDA0EAF2C57C88000977B72 /* Preview Content */,
			);
			path = ExchangeRates;
			sourceTree = "<group>";
		};
		CFDA0EAF2C57C88000977B72 /* Preview Content */ = {
			isa = PBXGroup;
			children = (
				CFDA0EB02C57C88000977B72 /* Preview Assets.xcassets */,
			);
			path = "Preview Content";
			sourceTree = "<group>";
		};
		CFDA0EB72C57C94D00977B72 /* DataProviders */ = {
			isa = PBXGroup;
			children = (
				CFDA0ED72C591A0800977B72 /* CurrencySymbolsDataProvider */,
				CFDA0ED22C59180C00977B72 /* RatesDataProvider */,
				CFDA0EB82C57C95800977B72 /* NetworkRepository */,
				CFDA0ED02C59172B00977B72 /* DataProviderManager.swift */,
			);
			path = DataProviders;
			sourceTree = "<group>";
		};
		CFDA0EB82C57C95800977B72 /* NetworkRepository */ = {
			isa = PBXGroup;
			children = (
				CFDA0EC42C590A1000977B72 /* Objects */,
				CFDA0EC12C59092700977B72 /* Stores */,
				CFDA0EBE2C57CAF400977B72 /* Routes */,
				CFDA0EB92C57C96A00977B72 /* api */,
			);
			path = NetworkRepository;
			sourceTree = "<group>";
		};
		CFDA0EB92C57C96A00977B72 /* api */ = {
			isa = PBXGroup;
			children = (
				CFDA0EBA2C57C97D00977B72 /* RateApi.swift */,
			);
			path = api;
			sourceTree = "<group>";
		};
		CFDA0EBE2C57CAF400977B72 /* Routes */ = {
			isa = PBXGroup;
			children = (
				CFDA0EBC2C57CAED00977B72 /* RatesRouter.swift */,
				CFDA0EBF2C57CB0500977B72 /* CurrencyRouter.swift */,
			);
			path = Routes;
			sourceTree = "<group>";
		};
		CFDA0EC12C59092700977B72 /* Stores */ = {
			isa = PBXGroup;
			children = (
				CFDA0EC22C59093B00977B72 /* BaseStore.swift */,
				CFDA0ECB2C59131500977B72 /* RateStore.swift */,
				CFDA0ECD2C5915FB00977B72 /* CurrencyStore.swift */,
			);
			path = Stores;
			sourceTree = "<group>";
		};
		CFDA0EC42C590A1000977B72 /* Objects */ = {
			isa = PBXGroup;
			children = (
				CFDA0EC52C590A8500977B72 /* RateFluctuationObject.swift */,
				CFDA0EC72C590C9100977B72 /* CurrentSymbolsObject.swift */,
				CFDA0EC92C590D1C00977B72 /* RatesHistoricalObject.swift */,
			);
			path = Objects;
			sourceTree = "<group>";
		};
		CFDA0ED22C59180C00977B72 /* RatesDataProvider */ = {
			isa = PBXGroup;
			children = (
				CFDA0ED32C59183000977B72 /* RatesFluctuactionDataProvider.swift */,
				CFDA0ED52C59195F00977B72 /* RatesHistoricalDataProvider.swift */,
			);
			path = RatesDataProvider;
			sourceTree = "<group>";
		};
		CFDA0ED72C591A0800977B72 /* CurrencySymbolsDataProvider */ = {
			isa = PBXGroup;
			children = (
				CFDA0ED82C591A2A00977B72 /* CurrencySymbolsDataProvider.swift */,
			);
			path = CurrencySymbolsDataProvider;
			sourceTree = "<group>";
		};
/* End PBXGroup section */

/* Begin PBXNativeTarget section */
		CFDA0EA52C57C87F00977B72 /* ExchangeRates */ = {
			isa = PBXNativeTarget;
			buildConfigurationList = CFDA0EB42C57C88000977B72 /* Build configuration list for PBXNativeTarget "ExchangeRates" */;
			buildPhases = (
				CFDA0EA22C57C87F00977B72 /* Sources */,
				CFDA0EA32C57C87F00977B72 /* Frameworks */,
				CFDA0EA42C57C87F00977B72 /* Resources */,
			);
			buildRules = (
			);
			dependencies = (
			);
			name = ExchangeRates;
			productName = ExchangeRates;
			productReference = CFDA0EA62C57C87F00977B72 /* ExchangeRates.app */;
			productType = "com.apple.product-type.application";
		};
/* End PBXNativeTarget section */

/* Begin PBXProject section */
		CFDA0E9E2C57C87F00977B72 /* Project object */ = {
			isa = PBXProject;
			attributes = {
				BuildIndependentTargetsInParallel = 1;
				LastSwiftUpdateCheck = 1540;
				LastUpgradeCheck = 1540;
				TargetAttributes = {
					CFDA0EA52C57C87F00977B72 = {
						CreatedOnToolsVersion = 15.4;
					};
				};
			};
			buildConfigurationList = CFDA0EA12C57C87F00977B72 /* Build configuration list for PBXProject "ExchangeRates" */;
			compatibilityVersion = "Xcode 14.0";
			developmentRegion = en;
			hasScannedForEncodings = 0;
			knownRegions = (
				en,
				Base,
			);
			mainGroup = CFDA0E9D2C57C87F00977B72;
			productRefGroup = CFDA0EA72C57C87F00977B72 /* Products */;
			projectDirPath = "";
			projectRoot = "";
			targets = (
				CFDA0EA52C57C87F00977B72 /* ExchangeRates */,
			);
		};
/* End PBXProject section */

/* Begin PBXResourcesBuildPhase section */
		CFDA0EA42C57C87F00977B72 /* Resources */ = {
			isa = PBXResourcesBuildPhase;
			buildActionMask = 2147483647;
			files = (
				CFDA0EB12C57C88000977B72 /* Preview Assets.xcassets in Resources */,
				CFDA0EAE2C57C88000977B72 /* Assets.xcassets in Resources */,
			);
			runOnlyForDeploymentPostprocessing = 0;
		};
/* End PBXResourcesBuildPhase section */

/* Begin PBXSourcesBuildPhase section */
		CFDA0EA22C57C87F00977B72 /* Sources */ = {
			isa = PBXSourcesBuildPhase;
			buildActionMask = 2147483647;
			files = (
				CFDA0EC02C57CB0500977B72 /* CurrencyRouter.swift in Sources */,
				CFDA0EBD2C57CAED00977B72 /* RatesRouter.swift in Sources */,
				CFDA0EC32C59093B00977B72 /* BaseStore.swift in Sources */,
				CFDA0ECA2C590D1C00977B72 /* RatesHistoricalObject.swift in Sources */,
				CFDA0EC82C590C9100977B72 /* CurrentSymbolsObject.swift in Sources */,
				CFDA0ED42C59183000977B72 /* RatesFluctuactionDataProvider.swift in Sources */,
				CFDA0ED62C59195F00977B72 /* RatesHistoricalDataProvider.swift in Sources */,
				CFDA0ECC2C59131500977B72 /* RateStore.swift in Sources */,
				CFDA0EAC2C57C87F00977B72 /* ContentView.swift in Sources */,
				CFDA0EBB2C57C97D00977B72 /* RateApi.swift in Sources */,
				CFDA0ED92C591A2A00977B72 /* CurrencySymbolsDataProvider.swift in Sources */,
				CFDA0ED12C59172B00977B72 /* DataProviderManager.swift in Sources */,
				CFDA0EC62C590A8500977B72 /* RateFluctuationObject.swift in Sources */,
				CFDA0EAA2C57C87F00977B72 /* ExchangeRatesApp.swift in Sources */,
				CFDA0ECE2C5915FB00977B72 /* CurrencyStore.swift in Sources */,
			);
			runOnlyForDeploymentPostprocessing = 0;
		};
/* End PBXSourcesBuildPhase section */

/* Begin XCBuildConfiguration section */
		CFDA0EB22C57C88000977B72 /* Debug */ = {
			isa = XCBuildConfiguration;
			buildSettings = {
				ALWAYS_SEARCH_USER_PATHS = NO;
				ASSETCATALOG_COMPILER_GENERATE_SWIFT_ASSET_SYMBOL_EXTENSIONS = YES;
				CLANG_ANALYZER_NONNULL = YES;
				CLANG_ANALYZER_NUMBER_OBJECT_CONVERSION = YES_AGGRESSIVE;
				CLANG_CXX_LANGUAGE_STANDARD = "gnu++20";
				CLANG_ENABLE_MODULES = YES;
				CLANG_ENABLE_OBJC_ARC = YES;
				CLANG_ENABLE_OBJC_WEAK = YES;
				CLANG_WARN_BLOCK_CAPTURE_AUTORELEASING = YES;
				CLANG_WARN_BOOL_CONVERSION = YES;
				CLANG_WARN_COMMA = YES;
				CLANG_WARN_CONSTANT_CONVERSION = YES;
				CLANG_WARN_DEPRECATED_OBJC_IMPLEMENTATIONS = YES;
				CLANG_WARN_DIRECT_OBJC_ISA_USAGE = YES_ERROR;
				CLANG_WARN_DOCUMENTATION_COMMENTS = YES;
				CLANG_WARN_EMPTY_BODY = YES;
				CLANG_WARN_ENUM_CONVERSION = YES;
				CLANG_WARN_INFINITE_RECURSION = YES;
				CLANG_WARN_INT_CONVERSION = YES;
				CLANG_WARN_NON_LITERAL_NULL_CONVERSION = YES;
				CLANG_WARN_OBJC_IMPLICIT_RETAIN_SELF = YES;
				CLANG_WARN_OBJC_LITERAL_CONVERSION = YES;
				CLANG_WARN_OBJC_ROOT_CLASS = YES_ERROR;
				CLANG_WARN_QUOTED_INCLUDE_IN_FRAMEWORK_HEADER = YES;
				CLANG_WARN_RANGE_LOOP_ANALYSIS = YES;
				CLANG_WARN_STRICT_PROTOTYPES = YES;
				CLANG_WARN_SUSPICIOUS_MOVE = YES;
				CLANG_WARN_UNGUARDED_AVAILABILITY = YES_AGGRESSIVE;
				CLANG_WARN_UNREACHABLE_CODE = YES;
				CLANG_WARN__DUPLICATE_METHOD_MATCH = YES;
				COPY_PHASE_STRIP = NO;
				DEBUG_INFORMATION_FORMAT = dwarf;
				ENABLE_STRICT_OBJC_MSGSEND = YES;
				ENABLE_TESTABILITY = YES;
				ENABLE_USER_SCRIPT_SANDBOXING = YES;
				GCC_C_LANGUAGE_STANDARD = gnu17;
				GCC_DYNAMIC_NO_PIC = NO;
				GCC_NO_COMMON_BLOCKS = YES;
				GCC_OPTIMIZATION_LEVEL = 0;
				GCC_PREPROCESSOR_DEFINITIONS = (
					"DEBUG=1",
					"$(inherited)",
				);
				GCC_WARN_64_TO_32_BIT_CONVERSION = YES;
				GCC_WARN_ABOUT_RETURN_TYPE = YES_ERROR;
				GCC_WARN_UNDECLARED_SELECTOR = YES;
				GCC_WARN_UNINITIALIZED_AUTOS = YES_AGGRESSIVE;
				GCC_WARN_UNUSED_FUNCTION = YES;
				GCC_WARN_UNUSED_VARIABLE = YES;
				IPHONEOS_DEPLOYMENT_TARGET = 17.5;
				LOCALIZATION_PREFERS_STRING_CATALOGS = YES;
				MTL_ENABLE_DEBUG_INFO = INCLUDE_SOURCE;
				MTL_FAST_MATH = YES;
				ONLY_ACTIVE_ARCH = YES;
				SDKROOT = iphoneos;
				SWIFT_ACTIVE_COMPILATION_CONDITIONS = "DEBUG $(inherited)";
				SWIFT_OPTIMIZATION_LEVEL = "-Onone";
			};
			name = Debug;
		};
		CFDA0EB32C57C88000977B72 /* Release */ = {
			isa = XCBuildConfiguration;
			buildSettings = {
				ALWAYS_SEARCH_USER_PATHS = NO;
				ASSETCATALOG_COMPILER_GENERATE_SWIFT_ASSET_SYMBOL_EXTENSIONS = YES;
				CLANG_ANALYZER_NONNULL = YES;
				CLANG_ANALYZER_NUMBER_OBJECT_CONVERSION = YES_AGGRESSIVE;
				CLANG_CXX_LANGUAGE_STANDARD = "gnu++20";
				CLANG_ENABLE_MODULES = YES;
				CLANG_ENABLE_OBJC_ARC = YES;
				CLANG_ENABLE_OBJC_WEAK = YES;
				CLANG_WARN_BLOCK_CAPTURE_AUTORELEASING = YES;
				CLANG_WARN_BOOL_CONVERSION = YES;
				CLANG_WARN_COMMA = YES;
				CLANG_WARN_CONSTANT_CONVERSION = YES;
				CLANG_WARN_DEPRECATED_OBJC_IMPLEMENTATIONS = YES;
				CLANG_WARN_DIRECT_OBJC_ISA_USAGE = YES_ERROR;
				CLANG_WARN_DOCUMENTATION_COMMENTS = YES;
				CLANG_WARN_EMPTY_BODY = YES;
				CLANG_WARN_ENUM_CONVERSION = YES;
				CLANG_WARN_INFINITE_RECURSION = YES;
				CLANG_WARN_INT_CONVERSION = YES;
				CLANG_WARN_NON_LITERAL_NULL_CONVERSION = YES;
				CLANG_WARN_OBJC_IMPLICIT_RETAIN_SELF = YES;
				CLANG_WARN_OBJC_LITERAL_CONVERSION = YES;
				CLANG_WARN_OBJC_ROOT_CLASS = YES_ERROR;
				CLANG_WARN_QUOTED_INCLUDE_IN_FRAMEWORK_HEADER = YES;
				CLANG_WARN_RANGE_LOOP_ANALYSIS = YES;
				CLANG_WARN_STRICT_PROTOTYPES = YES;
				CLANG_WARN_SUSPICIOUS_MOVE = YES;
				CLANG_WARN_UNGUARDED_AVAILABILITY = YES_AGGRESSIVE;
				CLANG_WARN_UNREACHABLE_CODE = YES;
				CLANG_WARN__DUPLICATE_METHOD_MATCH = YES;
				COPY_PHASE_STRIP = NO;
				DEBUG_INFORMATION_FORMAT = "dwarf-with-dsym";
				ENABLE_NS_ASSERTIONS = NO;
				ENABLE_STRICT_OBJC_MSGSEND = YES;
				ENABLE_USER_SCRIPT_SANDBOXING = YES;
				GCC_C_LANGUAGE_STANDARD = gnu17;
				GCC_NO_COMMON_BLOCKS = YES;
				GCC_WARN_64_TO_32_BIT_CONVERSION = YES;
				GCC_WARN_ABOUT_RETURN_TYPE = YES_ERROR;
				GCC_WARN_UNDECLARED_SELECTOR = YES;
				GCC_WARN_UNINITIALIZED_AUTOS = YES_AGGRESSIVE;
				GCC_WARN_UNUSED_FUNCTION = YES;
				GCC_WARN_UNUSED_VARIABLE = YES;
				IPHONEOS_DEPLOYMENT_TARGET = 17.5;
				LOCALIZATION_PREFERS_STRING_CATALOGS = YES;
				MTL_ENABLE_DEBUG_INFO = NO;
				MTL_FAST_MATH = YES;
				SDKROOT = iphoneos;
				SWIFT_COMPILATION_MODE = wholemodule;
				VALIDATE_PRODUCT = YES;
			};
			name = Release;
		};
		CFDA0EB52C57C88000977B72 /* Debug */ = {
			isa = XCBuildConfiguration;
			buildSettings = {
				ASSETCATALOG_COMPILER_APPICON_NAME = AppIcon;
				ASSETCATALOG_COMPILER_GLOBAL_ACCENT_COLOR_NAME = AccentColor;
				CODE_SIGN_STYLE = Automatic;
				CURRENT_PROJECT_VERSION = 1;
				DEVELOPMENT_ASSET_PATHS = "\"ExchangeRates/Preview Content\"";
				DEVELOPMENT_TEAM = L5U287N3KD;
				ENABLE_PREVIEWS = YES;
				GENERATE_INFOPLIST_FILE = YES;
				INFOPLIST_KEY_LSApplicationCategoryType = "public.app-category.finance";
				INFOPLIST_KEY_UIApplicationSceneManifest_Generation = YES;
				INFOPLIST_KEY_UIApplicationSupportsIndirectInputEvents = YES;
				INFOPLIST_KEY_UILaunchScreen_Generation = YES;
				INFOPLIST_KEY_UISupportedInterfaceOrientations = UIInterfaceOrientationPortrait;
				INFOPLIST_KEY_UISupportedInterfaceOrientations_iPad = "UIInterfaceOrientationLandscapeLeft UIInterfaceOrientationLandscapeRight UIInterfaceOrientationPortrait UIInterfaceOrientationPortraitUpsideDown";
				IPHONEOS_DEPLOYMENT_TARGET = 16.0;
				LD_RUNPATH_SEARCH_PATHS = (
					"$(inherited)",
					"@executable_path/Frameworks",
				);
				MARKETING_VERSION = 1.0;
				PRODUCT_BUNDLE_IDENTIFIER = jamersonmacedo.ExchangeRates;
				PRODUCT_NAME = "$(TARGET_NAME)";
				SUPPORTED_PLATFORMS = "iphoneos iphonesimulator";
				SUPPORTS_MACCATALYST = NO;
				SUPPORTS_MAC_DESIGNED_FOR_IPHONE_IPAD = NO;
				SUPPORTS_XR_DESIGNED_FOR_IPHONE_IPAD = NO;
				SWIFT_EMIT_LOC_STRINGS = YES;
				SWIFT_VERSION = 5.0;
				TARGETED_DEVICE_FAMILY = 1;
			};
			name = Debug;
		};
		CFDA0EB62C57C88000977B72 /* Release */ = {
			isa = XCBuildConfiguration;
			buildSettings = {
				ASSETCATALOG_COMPILER_APPICON_NAME = AppIcon;
				ASSETCATALOG_COMPILER_GLOBAL_ACCENT_COLOR_NAME = AccentColor;
				CODE_SIGN_STYLE = Automatic;
				CURRENT_PROJECT_VERSION = 1;
				DEVELOPMENT_ASSET_PATHS = "\"ExchangeRates/Preview Content\"";
				DEVELOPMENT_TEAM = L5U287N3KD;
				ENABLE_PREVIEWS = YES;
				GENERATE_INFOPLIST_FILE = YES;
				INFOPLIST_KEY_LSApplicationCategoryType = "public.app-category.finance";
				INFOPLIST_KEY_UIApplicationSceneManifest_Generation = YES;
				INFOPLIST_KEY_UIApplicationSupportsIndirectInputEvents = YES;
				INFOPLIST_KEY_UILaunchScreen_Generation = YES;
				INFOPLIST_KEY_UISupportedInterfaceOrientations = UIInterfaceOrientationPortrait;
				INFOPLIST_KEY_UISupportedInterfaceOrientations_iPad = "UIInterfaceOrientationLandscapeLeft UIInterfaceOrientationLandscapeRight UIInterfaceOrientationPortrait UIInterfaceOrientationPortraitUpsideDown";
				IPHONEOS_DEPLOYMENT_TARGET = 16.0;
				LD_RUNPATH_SEARCH_PATHS = (
					"$(inherited)",
					"@executable_path/Frameworks",
				);
				MARKETING_VERSION = 1.0;
				PRODUCT_BUNDLE_IDENTIFIER = jamersonmacedo.ExchangeRates;
				PRODUCT_NAME = "$(TARGET_NAME)";
				SUPPORTED_PLATFORMS = "iphoneos iphonesimulator";
				SUPPORTS_MACCATALYST = NO;
				SUPPORTS_MAC_DESIGNED_FOR_IPHONE_IPAD = NO;
				SUPPORTS_XR_DESIGNED_FOR_IPHONE_IPAD = NO;
				SWIFT_EMIT_LOC_STRINGS = YES;
				SWIFT_VERSION = 5.0;
				TARGETED_DEVICE_FAMILY = 1;
			};
			name = Release;
		};
/* End XCBuildConfiguration section */

/* Begin XCConfigurationList section */
		CFDA0EA12C57C87F00977B72 /* Build configuration list for PBXProject "ExchangeRates" */ = {
			isa = XCConfigurationList;
			buildConfigurations = (
				CFDA0EB22C57C88000977B72 /* Debug */,
				CFDA0EB32C57C88000977B72 /* Release */,
			);
			defaultConfigurationIsVisible = 0;
			defaultConfigurationName = Release;
		};
		CFDA0EB42C57C88000977B72 /* Build configuration list for PBXNativeTarget "ExchangeRates" */ = {
			isa = XCConfigurationList;
			buildConfigurations = (
				CFDA0EB52C57C88000977B72 /* Debug */,
				CFDA0EB62C57C88000977B72 /* Release */,
			);
			defaultConfigurationIsVisible = 0;
			defaultConfigurationName = Release;
		};
/* End XCConfigurationList section */
	};
	rootObject = CFDA0E9E2C57C87F00977B72 /* Project object */;
}
